
Microsoft Visual Studio Solution File, Format Version 12.00
# Visual Studio Version 17
VisualStudioVersion = 17.3.32825.248
MinimumVisualStudioVersion = 10.0.40219.1
Project("{FAE04EC0-301F-11D3-BF4B-00C04F79EFBC}") = "ClassicCalculatorWinForms", "ClassicCalculatorWinForms\ClassicCalculatorWinForms.csproj", "{D21A9F0C-977B-4D63-B13D-8C4DB949BCB7}"
EndProject
Global
	GlobalSection(SolutionConfigurationPlatforms) = preSolution
		Debug|Any CPU = Debug|Any CPU
		Release|Any CPU = Release|Any CPU
	EndGlobalSection
	GlobalSection(ProjectConfigurationPlatforms) = postSolution
		{D21A9F0C-977B-4D63-B13D-8C4DB949BCB7}.Debug|Any CPU.ActiveCfg = Debug|Any CPU
		{D21A9F0C-977B-4D63-B13D-8C4DB949BCB7}.Debug|Any CPU.Build.0 = Debug|Any CPU
		{D21A9F0C-977B-4D63-B13D-8C4DB949BCB7}.Release|Any CPU.ActiveCfg = Release|Any CPU
		{D21A9F0C-977B-4D63-B13D-8C4DB949BCB7}.Release|Any CPU.Build.0 = Release|Any CPU
	EndGlobalSection
	GlobalSection(SolutionProperties) = preSolution
		HideSolutionNode = FALSE
	EndGlobalSection
	GlobalSection(ExtensibilityGlobals) = postSolution
		SolutionGuid = {2E9E6686-C9B6-406D-8206-0B421C908D83}
	EndGlobalSection
EndGlobal
